
Microsoft Visual Studio Solution File, Format Version 12.00
# Visual Studio Version 16
VisualStudioVersion = 16.0.29920.165
MinimumVisualStudioVersion = 10.0.40219.1
Project("{FAE04EC0-301F-11D3-BF4B-00C04F79EFBC}") = "WebApplication25", "WebApplication25\WebApplication25.csproj", "{E9257E4C-C002-4269-97D9-4A5E2268C30B}"
EndProject
Global
	GlobalSection(SolutionConfigurationPlatforms) = preSolution
		Debug|Any CPU = Debug|Any CPU
		Release|Any CPU = Release|Any CPU
	EndGlobalSection
	GlobalSection(ProjectConfigurationPlatforms) = postSolution
		{E9257E4C-C002-4269-97D9-4A5E2268C30B}.Debug|Any CPU.ActiveCfg = Debug|Any CPU
		{E9257E4C-C002-4269-97D9-4A5E2268C30B}.Debug|Any CPU.Build.0 = Debug|Any CPU
		{E9257E4C-C002-4269-97D9-4A5E2268C30B}.Release|Any CPU.ActiveCfg = Release|Any CPU
		{E9257E4C-C002-4269-97D9-4A5E2268C30B}.Release|Any CPU.Build.0 = Release|Any CPU
	EndGlobalSection
	GlobalSection(SolutionProperties) = preSolution
		HideSolutionNode = FALSE
	EndGlobalSection
	GlobalSection(ExtensibilityGlobals) = postSolution
		SolutionGuid = {75C1EFA3-4F1D-43CF-96EE-F0185D6E5FF5}
	EndGlobalSection
EndGlobal
