
Microsoft Visual Studio Solution File, Format Version 12.00
# Visual Studio Version 16
VisualStudioVersion = 16.0.29920.165
MinimumVisualStudioVersion = 10.0.40219.1
Project("{FAE04EC0-301F-11D3-BF4B-00C04F79EFBC}") = "first", "first\first.csproj", "{9CD8156C-5E17-4A4A-A440-18FE2ACB9735}"
EndProject
Global
	GlobalSection(SolutionConfigurationPlatforms) = preSolution
		Debug|Any CPU = Debug|Any CPU
		Release|Any CPU = Release|Any CPU
	EndGlobalSection
	GlobalSection(ProjectConfigurationPlatforms) = postSolution
		{9CD8156C-5E17-4A4A-A440-18FE2ACB9735}.Debug|Any CPU.ActiveCfg = Debug|Any CPU
		{9CD8156C-5E17-4A4A-A440-18FE2ACB9735}.Debug|Any CPU.Build.0 = Debug|Any CPU
		{9CD8156C-5E17-4A4A-A440-18FE2ACB9735}.Release|Any CPU.ActiveCfg = Release|Any CPU
		{9CD8156C-5E17-4A4A-A440-18FE2ACB9735}.Release|Any CPU.Build.0 = Release|Any CPU
	EndGlobalSection
	GlobalSection(SolutionProperties) = preSolution
		HideSolutionNode = FALSE
	EndGlobalSection
	GlobalSection(ExtensibilityGlobals) = postSolution
		SolutionGuid = {2C40D025-7C9E-40DB-9FB2-AE9E8C2DB026}
	EndGlobalSection
EndGlobal
